
Microsoft Visual Studio Solution File, Format Version 12.00
# Visual Studio 15
VisualStudioVersion = 15.0.28010.2050
MinimumVisualStudioVersion = 10.0.40219.1
Project("{FAE04EC0-301F-11D3-BF4B-00C04F79EFBC}") = "Intro", "Intro\Intro.csproj", "{34E10634-1128-4323-B6DD-5A6657C86DA6}"
EndProject
Project("{FAE04EC0-301F-11D3-BF4B-00C04F79EFBC}") = "IntroTests", "IntroTests\IntroTests.csproj", "{B6C252EE-0BE0-4A1C-AF6D-A29A7A71AA90}"
EndProject
Global
	GlobalSection(SolutionConfigurationPlatforms) = preSolution
		Debug|Any CPU = Debug|Any CPU
		Release|Any CPU = Release|Any CPU
	EndGlobalSection
	GlobalSection(ProjectConfigurationPlatforms) = postSolution
		{34E10634-1128-4323-B6DD-5A6657C86DA6}.Debug|Any CPU.ActiveCfg = Debug|Any CPU
		{34E10634-1128-4323-B6DD-5A6657C86DA6}.Debug|Any CPU.Build.0 = Debug|Any CPU
		{34E10634-1128-4323-B6DD-5A6657C86DA6}.Release|Any CPU.ActiveCfg = Release|Any CPU
		{34E10634-1128-4323-B6DD-5A6657C86DA6}.Release|Any CPU.Build.0 = Release|Any CPU
		{B6C252EE-0BE0-4A1C-AF6D-A29A7A71AA90}.Debug|Any CPU.ActiveCfg = Debug|Any CPU
		{B6C252EE-0BE0-4A1C-AF6D-A29A7A71AA90}.Debug|Any CPU.Build.0 = Debug|Any CPU
		{B6C252EE-0BE0-4A1C-AF6D-A29A7A71AA90}.Release|Any CPU.ActiveCfg = Release|Any CPU
		{B6C252EE-0BE0-4A1C-AF6D-A29A7A71AA90}.Release|Any CPU.Build.0 = Release|Any CPU
	EndGlobalSection
	GlobalSection(SolutionProperties) = preSolution
		HideSolutionNode = FALSE
	EndGlobalSection
	GlobalSection(ExtensibilityGlobals) = postSolution
		SolutionGuid = {86BB182F-9B7C-418E-BB63-656C1B2B9CDA}
	EndGlobalSection
EndGlobal
